
Microsoft Visual Studio Solution File, Format Version 12.00
# Visual Studio Version 17
VisualStudioVersion = 17.1.32421.90
MinimumVisualStudioVersion = 10.0.40219.1
Project("{FAE04EC0-301F-11D3-BF4B-00C04F79EFBC}") = "MasterApp", "MasterApp.csproj", "{92C1A0FE-CF9B-4963-B6AB-1E7BE5DCEF31}"
EndProject
Global
	GlobalSection(SolutionConfigurationPlatforms) = preSolution
		Debug|Any CPU = Debug|Any CPU
		Release|Any CPU = Release|Any CPU
	EndGlobalSection
	GlobalSection(ProjectConfigurationPlatforms) = postSolution
		{92C1A0FE-CF9B-4963-B6AB-1E7BE5DCEF31}.Debug|Any CPU.ActiveCfg = Debug|Any CPU
		{92C1A0FE-CF9B-4963-B6AB-1E7BE5DCEF31}.Debug|Any CPU.Build.0 = Debug|Any CPU
		{92C1A0FE-CF9B-4963-B6AB-1E7BE5DCEF31}.Release|Any CPU.ActiveCfg = Release|Any CPU
		{92C1A0FE-CF9B-4963-B6AB-1E7BE5DCEF31}.Release|Any CPU.Build.0 = Release|Any CPU
	EndGlobalSection
	GlobalSection(SolutionProperties) = preSolution
		HideSolutionNode = FALSE
	EndGlobalSection
	GlobalSection(ExtensibilityGlobals) = postSolution
		SolutionGuid = {35821284-6ABA-418A-BEB0-2DE684C18A6F}
	EndGlobalSection
EndGlobal
